
Microsoft Visual Studio Solution File, Format Version 12.00
# Visual Studio Version 17
VisualStudioVersion = 17.2.32602.215
MinimumVisualStudioVersion = 10.0.40219.1
Project("{2150E333-8FDC-42A3-9474-1A3956D46DE8}") = "src", "src", "{371B65FB-C4F4-4BEF-ACDA-665B3036FC6E}"
EndProject
Project("{9A19103F-16F7-4668-BE54-9A1E7A4F7556}") = "CleanAssemblyBindings", "src\CleanAssemblyBindings\CleanAssemblyBindings.csproj", "{C203847F-F99E-479C-A4C6-7E4B846E693D}"
EndProject
Global
	GlobalSection(SolutionConfigurationPlatforms) = preSolution
		Debug|Any CPU = Debug|Any CPU
		Release|Any CPU = Release|Any CPU
	EndGlobalSection
	GlobalSection(ProjectConfigurationPlatforms) = postSolution
		{C203847F-F99E-479C-A4C6-7E4B846E693D}.Debug|Any CPU.ActiveCfg = Debug|Any CPU
		{C203847F-F99E-479C-A4C6-7E4B846E693D}.Debug|Any CPU.Build.0 = Debug|Any CPU
		{C203847F-F99E-479C-A4C6-7E4B846E693D}.Release|Any CPU.ActiveCfg = Release|Any CPU
		{C203847F-F99E-479C-A4C6-7E4B846E693D}.Release|Any CPU.Build.0 = Release|Any CPU
	EndGlobalSection
	GlobalSection(SolutionProperties) = preSolution
		HideSolutionNode = FALSE
	EndGlobalSection
	GlobalSection(NestedProjects) = preSolution
		{C203847F-F99E-479C-A4C6-7E4B846E693D} = {371B65FB-C4F4-4BEF-ACDA-665B3036FC6E}
	EndGlobalSection
	GlobalSection(ExtensibilityGlobals) = postSolution
		SolutionGuid = {6CDA42C9-E0CE-4FE5-80B8-EA62FCFC496A}
	EndGlobalSection
EndGlobal
